
Microsoft Visual Studio Solution File, Format Version 12.00
# Visual Studio Version 16
VisualStudioVersion = 16.0.31129.286
MinimumVisualStudioVersion = 10.0.40219.1
Project("{FAE04EC0-301F-11D3-BF4B-00C04F79EFBC}") = "ConnectFour", "ConnectFour\ConnectFour.csproj", "{1B0312BB-A28A-4AF5-BCBA-31C2200DDCCC}"
EndProject
Global
	GlobalSection(SolutionConfigurationPlatforms) = preSolution
		Debug|Any CPU = Debug|Any CPU
		Release|Any CPU = Release|Any CPU
	EndGlobalSection
	GlobalSection(ProjectConfigurationPlatforms) = postSolution
		{1B0312BB-A28A-4AF5-BCBA-31C2200DDCCC}.Debug|Any CPU.ActiveCfg = Debug|Any CPU
		{1B0312BB-A28A-4AF5-BCBA-31C2200DDCCC}.Debug|Any CPU.Build.0 = Debug|Any CPU
		{1B0312BB-A28A-4AF5-BCBA-31C2200DDCCC}.Release|Any CPU.ActiveCfg = Release|Any CPU
		{1B0312BB-A28A-4AF5-BCBA-31C2200DDCCC}.Release|Any CPU.Build.0 = Release|Any CPU
	EndGlobalSection
	GlobalSection(SolutionProperties) = preSolution
		HideSolutionNode = FALSE
	EndGlobalSection
	GlobalSection(ExtensibilityGlobals) = postSolution
		SolutionGuid = {D68B4373-A79E-480E-8C04-AC9ADF553454}
	EndGlobalSection
EndGlobal
